
Microsoft Visual Studio Solution File, Format Version 12.00
# Visual Studio Version 17
VisualStudioVersion = 17.7.34031.279
MinimumVisualStudioVersion = 10.0.40219.1
Project("{2150E333-8FDC-42A3-9474-1A3956D46DE8}") = "src", "src", "{DF15DD93-1E46-443C-BBA4-8E0D98F07F60}"
EndProject
Project("{2150E333-8FDC-42A3-9474-1A3956D46DE8}") = "3.Endpoints", "3.Endpoints", "{1215F11A-3560-4312-9656-E057D5C9B5C8}"
EndProject
Project("{2150E333-8FDC-42A3-9474-1A3956D46DE8}") = "1.Domain", "1.Domain", "{156EE48D-5547-4A5A-BB3B-7148A017CF82}"
EndProject
Project("{2150E333-8FDC-42A3-9474-1A3956D46DE8}") = "Core", "Core", "{572E666E-1C65-4833-8422-FEC351A007C5}"
EndProject
Project("{2150E333-8FDC-42A3-9474-1A3956D46DE8}") = "2.Infeastructure", "2.Infeastructure", "{948645A3-F855-454D-BC57-806FB3122C2E}"
EndProject
Project("{9A19103F-16F7-4668-BE54-9A1E7A4F7556}") = "MaktabNews.Domain.Core", "src\1.Domain\Core\MaktabNew.Domain.Core\MaktabNews.Domain.Core.csproj", "{ACAE889A-89F7-4BB1-8946-EA314CE0A4BC}"
EndProject
Project("{9A19103F-16F7-4668-BE54-9A1E7A4F7556}") = "MaktabNews.RazorPages", "src\3.EndPoints\MaktabNews.RazorPages\MaktabNews.RazorPages.csproj", "{3CBE0836-11AD-4CF8-AC6D-7E1546751172}"
EndProject
Project("{9A19103F-16F7-4668-BE54-9A1E7A4F7556}") = "MaktabNews.Infrastructure.EfCore", "src\2.Infeastructure\MaktabNews.Infrastructure.EfCore\MaktabNews.Infrastructure.EfCore.csproj", "{A3D2E057-7556-4D57-B189-75C51457878C}"
EndProject
Project("{2150E333-8FDC-42A3-9474-1A3956D46DE8}") = "Services", "Services", "{07DB87CB-9DE5-4B1E-B238-137C9FD396E6}"
EndProject
Project("{9A19103F-16F7-4668-BE54-9A1E7A4F7556}") = "MaktabNews.Domain.Services", "src\1.Domain\Services\MaktabNews.Domain.Services\MaktabNews.Domain.Services.csproj", "{E1D1464D-2BAA-4F05-8E9A-42AB877C18AB}"
EndProject
Project("{9A19103F-16F7-4668-BE54-9A1E7A4F7556}") = "MaktabNews.Domain.AppServices", "src\1.Domain\Services\MaktabNews.Domain.AppServices\MaktabNews.Domain.AppServices.csproj", "{583F444B-0256-4878-B2A2-8A5CDDE7CEC8}"
EndProject
Project("{2150E333-8FDC-42A3-9474-1A3956D46DE8}") = "0.Framework", "0.Framework", "{A30CF030-593C-4CE8-AE7B-99E32790B246}"
EndProject
Project("{9A19103F-16F7-4668-BE54-9A1E7A4F7556}") = "Framework", "src\0.Framework\Framework\Framework.csproj", "{38780DBC-D929-4C45-92AB-B066EA4CBEB6}"
EndProject
Project("{9A19103F-16F7-4668-BE54-9A1E7A4F7556}") = "MaktabNews.WebApi", "src\3.EndPoints\MaktabNews.WebApi\MaktabNews.WebApi\MaktabNews.WebApi.csproj", "{EB9650B8-C7A2-428C-A1A3-769F02B4F6B5}"
EndProject
Project("{9A19103F-16F7-4668-BE54-9A1E7A4F7556}") = "MaktabNews.Redis", "src\2.Infeastructure\MaktabNews.Infrastructure.Redis\MaktabNews.Infrastructure.Redis\MaktabNews.Redis\MaktabNews.Redis.csproj", "{5386B117-197D-4FD1-BBBF-C1E3097ED204}"
EndProject
Global
	GlobalSection(SolutionConfigurationPlatforms) = preSolution
		Debug|Any CPU = Debug|Any CPU
		Release|Any CPU = Release|Any CPU
	EndGlobalSection
	GlobalSection(ProjectConfigurationPlatforms) = postSolution
		{ACAE889A-89F7-4BB1-8946-EA314CE0A4BC}.Debug|Any CPU.ActiveCfg = Debug|Any CPU
		{ACAE889A-89F7-4BB1-8946-EA314CE0A4BC}.Debug|Any CPU.Build.0 = Debug|Any CPU
		{ACAE889A-89F7-4BB1-8946-EA314CE0A4BC}.Release|Any CPU.ActiveCfg = Release|Any CPU
		{ACAE889A-89F7-4BB1-8946-EA314CE0A4BC}.Release|Any CPU.Build.0 = Release|Any CPU
		{3CBE0836-11AD-4CF8-AC6D-7E1546751172}.Debug|Any CPU.ActiveCfg = Debug|Any CPU
		{3CBE0836-11AD-4CF8-AC6D-7E1546751172}.Debug|Any CPU.Build.0 = Debug|Any CPU
		{3CBE0836-11AD-4CF8-AC6D-7E1546751172}.Release|Any CPU.ActiveCfg = Release|Any CPU
		{3CBE0836-11AD-4CF8-AC6D-7E1546751172}.Release|Any CPU.Build.0 = Release|Any CPU
		{A3D2E057-7556-4D57-B189-75C51457878C}.Debug|Any CPU.ActiveCfg = Debug|Any CPU
		{A3D2E057-7556-4D57-B189-75C51457878C}.Debug|Any CPU.Build.0 = Debug|Any CPU
		{A3D2E057-7556-4D57-B189-75C51457878C}.Release|Any CPU.ActiveCfg = Release|Any CPU
		{A3D2E057-7556-4D57-B189-75C51457878C}.Release|Any CPU.Build.0 = Release|Any CPU
		{E1D1464D-2BAA-4F05-8E9A-42AB877C18AB}.Debug|Any CPU.ActiveCfg = Debug|Any CPU
		{E1D1464D-2BAA-4F05-8E9A-42AB877C18AB}.Debug|Any CPU.Build.0 = Debug|Any CPU
		{E1D1464D-2BAA-4F05-8E9A-42AB877C18AB}.Release|Any CPU.ActiveCfg = Release|Any CPU
		{E1D1464D-2BAA-4F05-8E9A-42AB877C18AB}.Release|Any CPU.Build.0 = Release|Any CPU
		{583F444B-0256-4878-B2A2-8A5CDDE7CEC8}.Debug|Any CPU.ActiveCfg = Debug|Any CPU
		{583F444B-0256-4878-B2A2-8A5CDDE7CEC8}.Debug|Any CPU.Build.0 = Debug|Any CPU
		{583F444B-0256-4878-B2A2-8A5CDDE7CEC8}.Release|Any CPU.ActiveCfg = Release|Any CPU
		{583F444B-0256-4878-B2A2-8A5CDDE7CEC8}.Release|Any CPU.Build.0 = Release|Any CPU
		{38780DBC-D929-4C45-92AB-B066EA4CBEB6}.Debug|Any CPU.ActiveCfg = Debug|Any CPU
		{38780DBC-D929-4C45-92AB-B066EA4CBEB6}.Debug|Any CPU.Build.0 = Debug|Any CPU
		{38780DBC-D929-4C45-92AB-B066EA4CBEB6}.Release|Any CPU.ActiveCfg = Release|Any CPU
		{38780DBC-D929-4C45-92AB-B066EA4CBEB6}.Release|Any CPU.Build.0 = Release|Any CPU
		{EB9650B8-C7A2-428C-A1A3-769F02B4F6B5}.Debug|Any CPU.ActiveCfg = Debug|Any CPU
		{EB9650B8-C7A2-428C-A1A3-769F02B4F6B5}.Debug|Any CPU.Build.0 = Debug|Any CPU
		{EB9650B8-C7A2-428C-A1A3-769F02B4F6B5}.Release|Any CPU.ActiveCfg = Release|Any CPU
		{EB9650B8-C7A2-428C-A1A3-769F02B4F6B5}.Release|Any CPU.Build.0 = Release|Any CPU
		{5386B117-197D-4FD1-BBBF-C1E3097ED204}.Debug|Any CPU.ActiveCfg = Debug|Any CPU
		{5386B117-197D-4FD1-BBBF-C1E3097ED204}.Debug|Any CPU.Build.0 = Debug|Any CPU
		{5386B117-197D-4FD1-BBBF-C1E3097ED204}.Release|Any CPU.ActiveCfg = Release|Any CPU
		{5386B117-197D-4FD1-BBBF-C1E3097ED204}.Release|Any CPU.Build.0 = Release|Any CPU
	EndGlobalSection
	GlobalSection(SolutionProperties) = preSolution
		HideSolutionNode = FALSE
	EndGlobalSection
	GlobalSection(NestedProjects) = preSolution
		{1215F11A-3560-4312-9656-E057D5C9B5C8} = {DF15DD93-1E46-443C-BBA4-8E0D98F07F60}
		{156EE48D-5547-4A5A-BB3B-7148A017CF82} = {DF15DD93-1E46-443C-BBA4-8E0D98F07F60}
		{572E666E-1C65-4833-8422-FEC351A007C5} = {156EE48D-5547-4A5A-BB3B-7148A017CF82}
		{948645A3-F855-454D-BC57-806FB3122C2E} = {DF15DD93-1E46-443C-BBA4-8E0D98F07F60}
		{ACAE889A-89F7-4BB1-8946-EA314CE0A4BC} = {572E666E-1C65-4833-8422-FEC351A007C5}
		{3CBE0836-11AD-4CF8-AC6D-7E1546751172} = {1215F11A-3560-4312-9656-E057D5C9B5C8}
		{A3D2E057-7556-4D57-B189-75C51457878C} = {948645A3-F855-454D-BC57-806FB3122C2E}
		{07DB87CB-9DE5-4B1E-B238-137C9FD396E6} = {156EE48D-5547-4A5A-BB3B-7148A017CF82}
		{E1D1464D-2BAA-4F05-8E9A-42AB877C18AB} = {07DB87CB-9DE5-4B1E-B238-137C9FD396E6}
		{583F444B-0256-4878-B2A2-8A5CDDE7CEC8} = {07DB87CB-9DE5-4B1E-B238-137C9FD396E6}
		{A30CF030-593C-4CE8-AE7B-99E32790B246} = {DF15DD93-1E46-443C-BBA4-8E0D98F07F60}
		{38780DBC-D929-4C45-92AB-B066EA4CBEB6} = {A30CF030-593C-4CE8-AE7B-99E32790B246}
		{EB9650B8-C7A2-428C-A1A3-769F02B4F6B5} = {1215F11A-3560-4312-9656-E057D5C9B5C8}
		{5386B117-197D-4FD1-BBBF-C1E3097ED204} = {948645A3-F855-454D-BC57-806FB3122C2E}
	EndGlobalSection
	GlobalSection(ExtensibilityGlobals) = postSolution
		SolutionGuid = {DF4D5D51-9971-4BC8-B81C-A0BA46F4CC68}
	EndGlobalSection
EndGlobal
